
Microsoft Visual Studio Solution File, Format Version 12.00
# Visual Studio Version 17
VisualStudioVersion = 17.12.35527.113 d17.12
MinimumVisualStudioVersion = 10.0.40219.1
Project("{FAE04EC0-301F-11D3-BF4B-00C04F79EFBC}") = "MG.CamCtrl", "src\MG.CamCtrl.csproj", "{44751C01-A4FE-421D-AB57-87C3CCF744E3}"
EndProject
Project("{FAE04EC0-301F-11D3-BF4B-00C04F79EFBC}") = "MG.CamVisual", "Sample\MG.CamVisual\MG.CamVisual.csproj", "{8137C365-FA84-4C9F-9A92-06894EA5D2C4}"
EndProject
Global
	GlobalSection(SolutionConfigurationPlatforms) = preSolution
		Debug|Any CPU = Debug|Any CPU
		Debug|x64 = Debug|x64
		Release|Any CPU = Release|Any CPU
		Release|x64 = Release|x64
	EndGlobalSection
	GlobalSection(ProjectConfigurationPlatforms) = postSolution
		{44751C01-A4FE-421D-AB57-87C3CCF744E3}.Debug|Any CPU.ActiveCfg = Debug|Any CPU
		{44751C01-A4FE-421D-AB57-87C3CCF744E3}.Debug|Any CPU.Build.0 = Debug|Any CPU
		{44751C01-A4FE-421D-AB57-87C3CCF744E3}.Debug|x64.ActiveCfg = Debug|x64
		{44751C01-A4FE-421D-AB57-87C3CCF744E3}.Debug|x64.Build.0 = Debug|x64
		{44751C01-A4FE-421D-AB57-87C3CCF744E3}.Release|Any CPU.ActiveCfg = Release|Any CPU
		{44751C01-A4FE-421D-AB57-87C3CCF744E3}.Release|Any CPU.Build.0 = Release|Any CPU
		{44751C01-A4FE-421D-AB57-87C3CCF744E3}.Release|x64.ActiveCfg = Release|x64
		{44751C01-A4FE-421D-AB57-87C3CCF744E3}.Release|x64.Build.0 = Release|x64
		{8137C365-FA84-4C9F-9A92-06894EA5D2C4}.Debug|Any CPU.ActiveCfg = Debug|Any CPU
		{8137C365-FA84-4C9F-9A92-06894EA5D2C4}.Debug|Any CPU.Build.0 = Debug|Any CPU
		{8137C365-FA84-4C9F-9A92-06894EA5D2C4}.Debug|x64.ActiveCfg = Debug|Any CPU
		{8137C365-FA84-4C9F-9A92-06894EA5D2C4}.Debug|x64.Build.0 = Debug|Any CPU
		{8137C365-FA84-4C9F-9A92-06894EA5D2C4}.Release|Any CPU.ActiveCfg = Release|Any CPU
		{8137C365-FA84-4C9F-9A92-06894EA5D2C4}.Release|Any CPU.Build.0 = Release|Any CPU
		{8137C365-FA84-4C9F-9A92-06894EA5D2C4}.Release|x64.ActiveCfg = Release|Any CPU
		{8137C365-FA84-4C9F-9A92-06894EA5D2C4}.Release|x64.Build.0 = Release|Any CPU
	EndGlobalSection
	GlobalSection(SolutionProperties) = preSolution
		HideSolutionNode = FALSE
	EndGlobalSection
EndGlobal
